{
	"name": "news-recommendation-core",
	"version": "1.0.0",
	"lockfileVersion": 2,
	"requires": true,
	"packages": {
		"": {
			"name": "news-recommendation-core",
			"version": "1.0.0",
			"license": "MIT",
			"dependencies": {
				"basic-type-extensions": "^1.16.0",
				"news-recommendation-entity": "file:../Entity",
				"python-shell": "^3.0.1"
			},
			"devDependencies": {
				"@types/python-shell": "^1.0.3"
			}
		},
		"../Entity": {
			"name": "news-recommendation-entity",
			"version": "1.0.0",
			"license": "MIT",
			"dependencies": {
				"basic-type-extensions": "^1.16.0",
				"cheerio": "*",
				"typeorm": "^0.2.38"
			}
		},
		"node_modules/@types/python-shell": {
			"version": "1.0.3",
			"resolved": "https://registry.npmjs.org/@types/python-shell/-/python-shell-1.0.3.tgz",
			"integrity": "sha512-laT15PQn3vFl8cHN0/XVven9wBs+rlgsdZ44h18EDZ7gETgX3q4h5BD4MlLvZjyujB3AyzkOjs1GSK1vgT/uiA==",
			"deprecated": "This is a stub types definition. python-shell provides its own type definitions, so you do not need this installed.",
			"dev": true,
			"dependencies": {
				"python-shell": "*"
			}
		},
		"node_modules/basic-type-extensions": {
			"version": "1.16.0",
			"resolved": "https://registry.npmjs.org/basic-type-extensions/-/basic-type-extensions-1.16.0.tgz",
			"integrity": "sha512-mAlCGVAVRzlcqygrzTHwm4QdDBGdrG7pWQEVYxAdB0dev1n5NVEfUPnajAffvIP0uo4pYWKIhGOa2fTboQkHag==",
			"dependencies": {
				"lodash.clonedeep": "^4.5.0"
			}
		},
		"node_modules/lodash.clonedeep": {
			"version": "4.5.0",
			"resolved": "https://registry.npmjs.org/lodash.clonedeep/-/lodash.clonedeep-4.5.0.tgz",
			"integrity": "sha1-4j8/nE+Pvd6HJSnBBxhXoIblzO8="
		},
		"node_modules/news-recommendation-entity": {
			"resolved": "../Entity",
			"link": true
		},
		"node_modules/python-shell": {
			"version": "3.0.1",
			"resolved": "https://registry.npmjs.org/python-shell/-/python-shell-3.0.1.tgz",
			"integrity": "sha512-TWeotuxe1auhXa5bGRScxnc2J+0r41NBntSa6RYZtMBLtAEsvCboKrEbW6DvASosWQepVkhZZlT3B5Ei766G+Q==",
			"engines": {
				"node": ">=0.10"
			}
		}
	},
	"dependencies": {
		"@types/python-shell": {
			"version": "1.0.3",
			"resolved": "https://registry.npmjs.org/@types/python-shell/-/python-shell-1.0.3.tgz",
			"integrity": "sha512-laT15PQn3vFl8cHN0/XVven9wBs+rlgsdZ44h18EDZ7gETgX3q4h5BD4MlLvZjyujB3AyzkOjs1GSK1vgT/uiA==",
			"dev": true,
			"requires": {
				"python-shell": "*"
			}
		},
		"basic-type-extensions": {
			"version": "1.16.0",
			"resolved": "https://registry.npmjs.org/basic-type-extensions/-/basic-type-extensions-1.16.0.tgz",
			"integrity": "sha512-mAlCGVAVRzlcqygrzTHwm4QdDBGdrG7pWQEVYxAdB0dev1n5NVEfUPnajAffvIP0uo4pYWKIhGOa2fTboQkHag==",
			"requires": {
				"lodash.clonedeep": "^4.5.0"
			}
		},
		"lodash.clonedeep": {
			"version": "4.5.0",
			"resolved": "https://registry.npmjs.org/lodash.clonedeep/-/lodash.clonedeep-4.5.0.tgz",
			"integrity": "sha1-4j8/nE+Pvd6HJSnBBxhXoIblzO8="
		},
		"news-recommendation-entity": {
			"version": "file:../Entity",
			"requires": {
				"basic-type-extensions": "^1.16.0",
				"cheerio": "*",
				"typeorm": "^0.2.38"
			}
		},
		"python-shell": {
			"version": "3.0.1",
			"resolved": "https://registry.npmjs.org/python-shell/-/python-shell-3.0.1.tgz",
			"integrity": "sha512-TWeotuxe1auhXa5bGRScxnc2J+0r41NBntSa6RYZtMBLtAEsvCboKrEbW6DvASosWQepVkhZZlT3B5Ei766G+Q=="
		}
	}
}
